{
  "name": "playground-basic-engine",
  "version": "1.0.0",
  "lockfileVersion": 1,
  "requires": true,
  "dependencies": {
    "enigma.js": {
      "version": "2.3.0",
      "resolved": "https://registry.npmjs.org/enigma.js/-/enigma.js-2.3.0.tgz",
      "integrity": "sha512-CtoXoanVm3/+JZSfLGpjAvVvqRiaf+WvBAIjNsgKxWkQy08NMKealyTZXmH2nvAEUCf3LFoIjHB0RXekEcKR0Q=="
    }
  }
}
